// !$*UTF8*$!
{
	archiveVersion = 1;
	classes = {
	};
	objectVersion = 55;
	objects = {

/* Begin PBXBuildFile section */
		D9DE08EA27DD826200A2D39D /* AppDelegate.swift in Sources */ = {isa = PBXBuildFile; fileRef = D9DE08E927DD826200A2D39D /* AppDelegate.swift */; };
		D9DE08EC27DD826200A2D39D /* SceneDelegate.swift in Sources */ = {isa = PBXBuildFile; fileRef = D9DE08EB27DD826200A2D39D /* SceneDelegate.swift */; };
		D9DE08F127DD826200A2D39D /* Main.storyboard in Resources */ = {isa = PBXBuildFile; fileRef = D9DE08EF27DD826200A2D39D /* Main.storyboard */; };
		D9DE08F427DD826200A2D39D /* To_Do_Scheduler.xcdatamodeld in Sources */ = {isa = PBXBuildFile; fileRef = D9DE08F227DD826200A2D39D /* To_Do_Scheduler.xcdatamodeld */; };
		D9DE08F627DD826300A2D39D /* Assets.xcassets in Resources */ = {isa = PBXBuildFile; fileRef = D9DE08F527DD826300A2D39D /* Assets.xcassets */; };
		D9DE08F927DD826300A2D39D /* LaunchScreen.storyboard in Resources */ = {isa = PBXBuildFile; fileRef = D9DE08F727DD826300A2D39D /* LaunchScreen.storyboard */; };
		D9DE090427DD826400A2D39D /* To_Do_SchedulerTests.swift in Sources */ = {isa = PBXBuildFile; fileRef = D9DE090327DD826400A2D39D /* To_Do_SchedulerTests.swift */; };
		D9DE090E27DD826400A2D39D /* To_Do_SchedulerUITests.swift in Sources */ = {isa = PBXBuildFile; fileRef = D9DE090D27DD826400A2D39D /* To_Do_SchedulerUITests.swift */; };
		D9DE091027DD826400A2D39D /* To_Do_SchedulerUITestsLaunchTests.swift in Sources */ = {isa = PBXBuildFile; fileRef = D9DE090F27DD826400A2D39D /* To_Do_SchedulerUITestsLaunchTests.swift */; };
		D9DE091D27DD867B00A2D39D /* ToDoViewController.swift in Sources */ = {isa = PBXBuildFile; fileRef = D9DE091C27DD867B00A2D39D /* ToDoViewController.swift */; };
		D9DE091F27DD868C00A2D39D /* EditViewController.swift in Sources */ = {isa = PBXBuildFile; fileRef = D9DE091E27DD868C00A2D39D /* EditViewController.swift */; };
		D9DE092127DD9C0F00A2D39D /* ProgressViewController.swift in Sources */ = {isa = PBXBuildFile; fileRef = D9DE092027DD9C0F00A2D39D /* ProgressViewController.swift */; };
		D9DE092527DE69FE00A2D39D /* DiagramViewController.swift in Sources */ = {isa = PBXBuildFile; fileRef = D9DE092427DE69FE00A2D39D /* DiagramViewController.swift */; };
/* End PBXBuildFile section */

/* Begin PBXContainerItemProxy section */
		D9DE090027DD826400A2D39D /* PBXContainerItemProxy */ = {
			isa = PBXContainerItemProxy;
			containerPortal = D9DE08DE27DD826200A2D39D /* Project object */;
			proxyType = 1;
			remoteGlobalIDString = D9DE08E527DD826200A2D39D;
			remoteInfo = "To Do Scheduler";
		};
		D9DE090A27DD826400A2D39D /* PBXContainerItemProxy */ = {
			isa = PBXContainerItemProxy;
			containerPortal = D9DE08DE27DD826200A2D39D /* Project object */;
			proxyType = 1;
			remoteGlobalIDString = D9DE08E527DD826200A2D39D;
			remoteInfo = "To Do Scheduler";
		};
/* End PBXContainerItemProxy section */

/* Begin PBXFileReference section */
		D9DE08E627DD826200A2D39D /* To Do Scheduler.app */ = {isa = PBXFileReference; explicitFileType = wrapper.application; includeInIndex = 0; path = "To Do Scheduler.app"; sourceTree = BUILT_PRODUCTS_DIR; };
		D9DE08E927DD826200A2D39D /* AppDelegate.swift */ = {isa = PBXFileReference; lastKnownFileType = sourcecode.swift; path = AppDelegate.swift; sourceTree = "<group>"; };
		D9DE08EB27DD826200A2D39D /* SceneDelegate.swift */ = {isa = PBXFileReference; lastKnownFileType = sourcecode.swift; path = SceneDelegate.swift; sourceTree = "<group>"; };
		D9DE08F027DD826200A2D39D /* Base */ = {isa = PBXFileReference; lastKnownFileType = file.storyboard; name = Base; path = Base.lproj/Main.storyboard; sourceTree = "<group>"; };
		D9DE08F327DD826200A2D39D /* To_Do_Scheduler.xcdatamodel */ = {isa = PBXFileReference; lastKnownFileType = wrapper.xcdatamodel; path = To_Do_Scheduler.xcdatamodel; sourceTree = "<group>"; };
		D9DE08F527DD826300A2D39D /* Assets.xcassets */ = {isa = PBXFileReference; lastKnownFileType = folder.assetcatalog; path = Assets.xcassets; sourceTree = "<group>"; };
		D9DE08F827DD826300A2D39D /* Base */ = {isa = PBXFileReference; lastKnownFileType = file.storyboard; name = Base; path = Base.lproj/LaunchScreen.storyboard; sourceTree = "<group>"; };
		D9DE08FA27DD826300A2D39D /* Info.plist */ = {isa = PBXFileReference; lastKnownFileType = text.plist.xml; path = Info.plist; sourceTree = "<group>"; };
		D9DE08FF27DD826400A2D39D /* To Do SchedulerTests.xctest */ = {isa = PBXFileReference; explicitFileType = wrapper.cfbundle; includeInIndex = 0; path = "To Do SchedulerTests.xctest"; sourceTree = BUILT_PRODUCTS_DIR; };
		D9DE090327DD826400A2D39D /* To_Do_SchedulerTests.swift */ = {isa = PBXFileReference; lastKnownFileType = sourcecode.swift; path = To_Do_SchedulerTests.swift; sourceTree = "<group>"; };
		D9DE090927DD826400A2D39D /* To Do SchedulerUITests.xctest */ = {isa = PBXFileReference; explicitFileType = wrapper.cfbundle; includeInIndex = 0; path = "To Do SchedulerUITests.xctest"; sourceTree = BUILT_PRODUCTS_DIR; };
		D9DE090D27DD826400A2D39D /* To_Do_SchedulerUITests.swift */ = {isa = PBXFileReference; lastKnownFileType = sourcecode.swift; path = To_Do_SchedulerUITests.swift; sourceTree = "<group>"; };
		D9DE090F27DD826400A2D39D /* To_Do_SchedulerUITestsLaunchTests.swift */ = {isa = PBXFileReference; lastKnownFileType = sourcecode.swift; path = To_Do_SchedulerUITestsLaunchTests.swift; sourceTree = "<group>"; };
		D9DE091C27DD867B00A2D39D /* ToDoViewController.swift */ = {isa = PBXFileReference; lastKnownFileType = sourcecode.swift; path = ToDoViewController.swift; sourceTree = "<group>"; };
		D9DE091E27DD868C00A2D39D /* EditViewController.swift */ = {isa = PBXFileReference; lastKnownFileType = sourcecode.swift; path = EditViewController.swift; sourceTree = "<group>"; };
		D9DE092027DD9C0F00A2D39D /* ProgressViewController.swift */ = {isa = PBXFileReference; lastKnownFileType = sourcecode.swift; path = ProgressViewController.swift; sourceTree = "<group>"; };
		D9DE092427DE69FE00A2D39D /* DiagramViewController.swift */ = {isa = PBXFileReference; lastKnownFileType = sourcecode.swift; path = DiagramViewController.swift; sourceTree = "<group>"; };
/* End PBXFileReference section */

/* Begin PBXFrameworksBuildPhase section */
		D9DE08E327DD826200A2D39D /* Frameworks */ = {
			isa = PBXFrameworksBuildPhase;
			buildActionMask = 2147483647;
			files = (
			);
			runOnlyForDeploymentPostprocessing = 0;
		};
		D9DE08FC27DD826400A2D39D /* Frameworks */ = {
			isa = PBXFrameworksBuildPhase;
			buildActionMask = 2147483647;
			files = (
			);
			runOnlyForDeploymentPostprocessing = 0;
		};
		D9DE090627DD826400A2D39D /* Frameworks */ = {
			isa = PBXFrameworksBuildPhase;
			buildActionMask = 2147483647;
			files = (
			);
			runOnlyForDeploymentPostprocessing = 0;
		};
/* End PBXFrameworksBuildPhase section */

/* Begin PBXGroup section */
		D9DE08DD27DD826200A2D39D = {
			isa = PBXGroup;
			children = (
				D9DE08E827DD826200A2D39D /* To Do Scheduler */,
				D9DE090227DD826400A2D39D /* To Do SchedulerTests */,
				D9DE090C27DD826400A2D39D /* To Do SchedulerUITests */,
				D9DE08E727DD826200A2D39D /* Products */,
			);
			sourceTree = "<group>";
		};
		D9DE08E727DD826200A2D39D /* Products */ = {
			isa = PBXGroup;
			children = (
				D9DE08E627DD826200A2D39D /* To Do Scheduler.app */,
				D9DE08FF27DD826400A2D39D /* To Do SchedulerTests.xctest */,
				D9DE090927DD826400A2D39D /* To Do SchedulerUITests.xctest */,
			);
			name = Products;
			sourceTree = "<group>";
		};
		D9DE08E827DD826200A2D39D /* To Do Scheduler */ = {
			isa = PBXGroup;
			children = (
				D9DE08E927DD826200A2D39D /* AppDelegate.swift */,
				D9DE08EB27DD826200A2D39D /* SceneDelegate.swift */,
				D9DE091C27DD867B00A2D39D /* ToDoViewController.swift */,
				D9DE091E27DD868C00A2D39D /* EditViewController.swift */,
				D9DE08EF27DD826200A2D39D /* Main.storyboard */,
				D9DE092427DE69FE00A2D39D /* DiagramViewController.swift */,
				D9DE092027DD9C0F00A2D39D /* ProgressViewController.swift */,
				D9DE08F527DD826300A2D39D /* Assets.xcassets */,
				D9DE08F727DD826300A2D39D /* LaunchScreen.storyboard */,
				D9DE08FA27DD826300A2D39D /* Info.plist */,
				D9DE08F227DD826200A2D39D /* To_Do_Scheduler.xcdatamodeld */,
			);
			path = "To Do Scheduler";
			sourceTree = "<group>";
		};
		D9DE090227DD826400A2D39D /* To Do SchedulerTests */ = {
			isa = PBXGroup;
			children = (
				D9DE090327DD826400A2D39D /* To_Do_SchedulerTests.swift */,
			);
			path = "To Do SchedulerTests";
			sourceTree = "<group>";
		};
		D9DE090C27DD826400A2D39D /* To Do SchedulerUITests */ = {
			isa = PBXGroup;
			children = (
				D9DE090D27DD826400A2D39D /* To_Do_SchedulerUITests.swift */,
				D9DE090F27DD826400A2D39D /* To_Do_SchedulerUITestsLaunchTests.swift */,
			);
			path = "To Do SchedulerUITests";
			sourceTree = "<group>";
		};
/* End PBXGroup section */

/* Begin PBXNativeTarget section */
		D9DE08E527DD826200A2D39D /* To Do Scheduler */ = {
			isa = PBXNativeTarget;
			buildConfigurationList = D9DE091327DD826400A2D39D /* Build configuration list for PBXNativeTarget "To Do Scheduler" */;
			buildPhases = (
				D9DE08E227DD826200A2D39D /* Sources */,
				D9DE08E327DD826200A2D39D /* Frameworks */,
				D9DE08E427DD826200A2D39D /* Resources */,
			);
			buildRules = (
			);
			dependencies = (
			);
			name = "To Do Scheduler";
			productName = "To Do Scheduler";
			productReference = D9DE08E627DD826200A2D39D /* To Do Scheduler.app */;
			productType = "com.apple.product-type.application";
		};
		D9DE08FE27DD826400A2D39D /* To Do SchedulerTests */ = {
			isa = PBXNativeTarget;
			buildConfigurationList = D9DE091627DD826400A2D39D /* Build configuration list for PBXNativeTarget "To Do SchedulerTests" */;
			buildPhases = (
				D9DE08FB27DD826400A2D39D /* Sources */,
				D9DE08FC27DD826400A2D39D /* Frameworks */,
				D9DE08FD27DD826400A2D39D /* Resources */,
			);
			buildRules = (
			);
			dependencies = (
				D9DE090127DD826400A2D39D /* PBXTargetDependency */,
			);
			name = "To Do SchedulerTests";
			productName = "To Do SchedulerTests";
			productReference = D9DE08FF27DD826400A2D39D /* To Do SchedulerTests.xctest */;
			productType = "com.apple.product-type.bundle.unit-test";
		};
		D9DE090827DD826400A2D39D /* To Do SchedulerUITests */ = {
			isa = PBXNativeTarget;
			buildConfigurationList = D9DE091927DD826400A2D39D /* Build configuration list for PBXNativeTarget "To Do SchedulerUITests" */;
			buildPhases = (
				D9DE090527DD826400A2D39D /* Sources */,
				D9DE090627DD826400A2D39D /* Frameworks */,
				D9DE090727DD826400A2D39D /* Resources */,
			);
			buildRules = (
			);
			dependencies = (
				D9DE090B27DD826400A2D39D /* PBXTargetDependency */,
			);
			name = "To Do SchedulerUITests";
			productName = "To Do SchedulerUITests";
			productReference = D9DE090927DD826400A2D39D /* To Do SchedulerUITests.xctest */;
			productType = "com.apple.product-type.bundle.ui-testing";
		};
/* End PBXNativeTarget section */

/* Begin PBXProject section */
		D9DE08DE27DD826200A2D39D /* Project object */ = {
			isa = PBXProject;
			attributes = {
				BuildIndependentTargetsInParallel = 1;
				LastSwiftUpdateCheck = 1320;
				LastUpgradeCheck = 1320;
				TargetAttributes = {
					D9DE08E527DD826200A2D39D = {
						CreatedOnToolsVersion = 13.2.1;
					};
					D9DE08FE27DD826400A2D39D = {
						CreatedOnToolsVersion = 13.2.1;
						TestTargetID = D9DE08E527DD826200A2D39D;
					};
					D9DE090827DD826400A2D39D = {
						CreatedOnToolsVersion = 13.2.1;
						TestTargetID = D9DE08E527DD826200A2D39D;
					};
				};
			};
			buildConfigurationList = D9DE08E127DD826200A2D39D /* Build configuration list for PBXProject "To Do Scheduler" */;
			compatibilityVersion = "Xcode 13.0";
			developmentRegion = en;
			hasScannedForEncodings = 0;
			knownRegions = (
				en,
				Base,
			);
			mainGroup = D9DE08DD27DD826200A2D39D;
			productRefGroup = D9DE08E727DD826200A2D39D /* Products */;
			projectDirPath = "";
			projectRoot = "";
			targets = (
				D9DE08E527DD826200A2D39D /* To Do Scheduler */,
				D9DE08FE27DD826400A2D39D /* To Do SchedulerTests */,
				D9DE090827DD826400A2D39D /* To Do SchedulerUITests */,
			);
		};
/* End PBXProject section */

/* Begin PBXResourcesBuildPhase section */
		D9DE08E427DD826200A2D39D /* Resources */ = {
			isa = PBXResourcesBuildPhase;
			buildActionMask = 2147483647;
			files = (
				D9DE08F927DD826300A2D39D /* LaunchScreen.storyboard in Resources */,
				D9DE08F627DD826300A2D39D /* Assets.xcassets in Resources */,
				D9DE08F127DD826200A2D39D /* Main.storyboard in Resources */,
			);
			runOnlyForDeploymentPostprocessing = 0;
		};
		D9DE08FD27DD826400A2D39D /* Resources */ = {
			isa = PBXResourcesBuildPhase;
			buildActionMask = 2147483647;
			files = (
			);
			runOnlyForDeploymentPostprocessing = 0;
		};
		D9DE090727DD826400A2D39D /* Resources */ = {
			isa = PBXResourcesBuildPhase;
			buildActionMask = 2147483647;
			files = (
			);
			runOnlyForDeploymentPostprocessing = 0;
		};
/* End PBXResourcesBuildPhase section */

/* Begin PBXSourcesBuildPhase section */
		D9DE08E227DD826200A2D39D /* Sources */ = {
			isa = PBXSourcesBuildPhase;
			buildActionMask = 2147483647;
			files = (
				D9DE091F27DD868C00A2D39D /* EditViewController.swift in Sources */,
				D9DE091D27DD867B00A2D39D /* ToDoViewController.swift in Sources */,
				D9DE092527DE69FE00A2D39D /* DiagramViewController.swift in Sources */,
				D9DE08EA27DD826200A2D39D /* AppDelegate.swift in Sources */,
				D9DE092127DD9C0F00A2D39D /* ProgressViewController.swift in Sources */,
				D9DE08EC27DD826200A2D39D /* SceneDelegate.swift in Sources */,
				D9DE08F427DD826200A2D39D /* To_Do_Scheduler.xcdatamodeld in Sources */,
			);
			runOnlyForDeploymentPostprocessing = 0;
		};
		D9DE08FB27DD826400A2D39D /* Sources */ = {
			isa = PBXSourcesBuildPhase;
			buildActionMask = 2147483647;
			files = (
				D9DE090427DD826400A2D39D /* To_Do_SchedulerTests.swift in Sources */,
			);
			runOnlyForDeploymentPostprocessing = 0;
		};
		D9DE090527DD826400A2D39D /* Sources */ = {
			isa = PBXSourcesBuildPhase;
			buildActionMask = 2147483647;
			files = (
				D9DE091027DD826400A2D39D /* To_Do_SchedulerUITestsLaunchTests.swift in Sources */,
				D9DE090E27DD826400A2D39D /* To_Do_SchedulerUITests.swift in Sources */,
			);
			runOnlyForDeploymentPostprocessing = 0;
		};
/* End PBXSourcesBuildPhase section */

/* Begin PBXTargetDependency section */
		D9DE090127DD826400A2D39D /* PBXTargetDependency */ = {
			isa = PBXTargetDependency;
			target = D9DE08E527DD826200A2D39D /* To Do Scheduler */;
			targetProxy = D9DE090027DD826400A2D39D /* PBXContainerItemProxy */;
		};
		D9DE090B27DD826400A2D39D /* PBXTargetDependency */ = {
			isa = PBXTargetDependency;
			target = D9DE08E527DD826200A2D39D /* To Do Scheduler */;
			targetProxy = D9DE090A27DD826400A2D39D /* PBXContainerItemProxy */;
		};
/* End PBXTargetDependency section */

/* Begin PBXVariantGroup section */
		D9DE08EF27DD826200A2D39D /* Main.storyboard */ = {
			isa = PBXVariantGroup;
			children = (
				D9DE08F027DD826200A2D39D /* Base */,
			);
			name = Main.storyboard;
			sourceTree = "<group>";
		};
		D9DE08F727DD826300A2D39D /* LaunchScreen.storyboard */ = {
			isa = PBXVariantGroup;
			children = (
				D9DE08F827DD826300A2D39D /* Base */,
			);
			name = LaunchScreen.storyboard;
			sourceTree = "<group>";
		};
/* End PBXVariantGroup section */

/* Begin XCBuildConfiguration section */
		D9DE091127DD826400A2D39D /* Debug */ = {
			isa = XCBuildConfiguration;
			buildSettings = {
				ALWAYS_SEARCH_USER_PATHS = NO;
				CLANG_ANALYZER_NONNULL = YES;
				CLANG_ANALYZER_NUMBER_OBJECT_CONVERSION = YES_AGGRESSIVE;
				CLANG_CXX_LANGUAGE_STANDARD = "gnu++17";
				CLANG_CXX_LIBRARY = "libc++";
				CLANG_ENABLE_MODULES = YES;
				CLANG_ENABLE_OBJC_ARC = YES;
				CLANG_ENABLE_OBJC_WEAK = YES;
				CLANG_WARN_BLOCK_CAPTURE_AUTORELEASING = YES;
				CLANG_WARN_BOOL_CONVERSION = YES;
				CLANG_WARN_COMMA = YES;
				CLANG_WARN_CONSTANT_CONVERSION = YES;
				CLANG_WARN_DEPRECATED_OBJC_IMPLEMENTATIONS = YES;
				CLANG_WARN_DIRECT_OBJC_ISA_USAGE = YES_ERROR;
				CLANG_WARN_DOCUMENTATION_COMMENTS = YES;
				CLANG_WARN_EMPTY_BODY = YES;
				CLANG_WARN_ENUM_CONVERSION = YES;
				CLANG_WARN_INFINITE_RECURSION = YES;
				CLANG_WARN_INT_CONVERSION = YES;
				CLANG_WARN_NON_LITERAL_NULL_CONVERSION = YES;
				CLANG_WARN_OBJC_IMPLICIT_RETAIN_SELF = YES;
				CLANG_WARN_OBJC_LITERAL_CONVERSION = YES;
				CLANG_WARN_OBJC_ROOT_CLASS = YES_ERROR;
				CLANG_WARN_QUOTED_INCLUDE_IN_FRAMEWORK_HEADER = YES;
				CLANG_WARN_RANGE_LOOP_ANALYSIS = YES;
				CLANG_WARN_STRICT_PROTOTYPES = YES;
				CLANG_WARN_SUSPICIOUS_MOVE = YES;
				CLANG_WARN_UNGUARDED_AVAILABILITY = YES_AGGRESSIVE;
				CLANG_WARN_UNREACHABLE_CODE = YES;
				CLANG_WARN__DUPLICATE_METHOD_MATCH = YES;
				COPY_PHASE_STRIP = NO;
				DEBUG_INFORMATION_FORMAT = dwarf;
				ENABLE_STRICT_OBJC_MSGSEND = YES;
				ENABLE_TESTABILITY = YES;
				GCC_C_LANGUAGE_STANDARD = gnu11;
				GCC_DYNAMIC_NO_PIC = NO;
				GCC_NO_COMMON_BLOCKS = YES;
				GCC_OPTIMIZATION_LEVEL = 0;
				GCC_PREPROCESSOR_DEFINITIONS = (
					"DEBUG=1",
					"$(inherited)",
				);
				GCC_WARN_64_TO_32_BIT_CONVERSION = YES;
				GCC_WARN_ABOUT_RETURN_TYPE = YES_ERROR;
				GCC_WARN_UNDECLARED_SELECTOR = YES;
				GCC_WARN_UNINITIALIZED_AUTOS = YES_AGGRESSIVE;
				GCC_WARN_UNUSED_FUNCTION = YES;
				GCC_WARN_UNUSED_VARIABLE = YES;
				IPHONEOS_DEPLOYMENT_TARGET = 15.2;
				MTL_ENABLE_DEBUG_INFO = INCLUDE_SOURCE;
				MTL_FAST_MATH = YES;
				ONLY_ACTIVE_ARCH = YES;
				SDKROOT = iphoneos;
				SWIFT_ACTIVE_COMPILATION_CONDITIONS = DEBUG;
				SWIFT_OPTIMIZATION_LEVEL = "-Onone";
			};
			name = Debug;
		};
		D9DE091227DD826400A2D39D /* Release */ = {
			isa = XCBuildConfiguration;
			buildSettings = {
				ALWAYS_SEARCH_USER_PATHS = NO;
				CLANG_ANALYZER_NONNULL = YES;
				CLANG_ANALYZER_NUMBER_OBJECT_CONVERSION = YES_AGGRESSIVE;
				CLANG_CXX_LANGUAGE_STANDARD = "gnu++17";
				CLANG_CXX_LIBRARY = "libc++";
				CLANG_ENABLE_MODULES = YES;
				CLANG_ENABLE_OBJC_ARC = YES;
				CLANG_ENABLE_OBJC_WEAK = YES;
				CLANG_WARN_BLOCK_CAPTURE_AUTORELEASING = YES;
				CLANG_WARN_BOOL_CONVERSION = YES;
				CLANG_WARN_COMMA = YES;
				CLANG_WARN_CONSTANT_CONVERSION = YES;
				CLANG_WARN_DEPRECATED_OBJC_IMPLEMENTATIONS = YES;
				CLANG_WARN_DIRECT_OBJC_ISA_USAGE = YES_ERROR;
				CLANG_WARN_DOCUMENTATION_COMMENTS = YES;
				CLANG_WARN_EMPTY_BODY = YES;
				CLANG_WARN_ENUM_CONVERSION = YES;
				CLANG_WARN_INFINITE_RECURSION = YES;
				CLANG_WARN_INT_CONVERSION = YES;
				CLANG_WARN_NON_LITERAL_NULL_CONVERSION = YES;
				CLANG_WARN_OBJC_IMPLICIT_RETAIN_SELF = YES;
				CLANG_WARN_OBJC_LITERAL_CONVERSION = YES;
				CLANG_WARN_OBJC_ROOT_CLASS = YES_ERROR;
				CLANG_WARN_QUOTED_INCLUDE_IN_FRAMEWORK_HEADER = YES;
				CLANG_WARN_RANGE_LOOP_ANALYSIS = YES;
				CLANG_WARN_STRICT_PROTOTYPES = YES;
				CLANG_WARN_SUSPICIOUS_MOVE = YES;
				CLANG_WARN_UNGUARDED_AVAILABILITY = YES_AGGRESSIVE;
				CLANG_WARN_UNREACHABLE_CODE = YES;
				CLANG_WARN__DUPLICATE_METHOD_MATCH = YES;
				COPY_PHASE_STRIP = NO;
				DEBUG_INFORMATION_FORMAT = "dwarf-with-dsym";
				ENABLE_NS_ASSERTIONS = NO;
				ENABLE_STRICT_OBJC_MSGSEND = YES;
				GCC_C_LANGUAGE_STANDARD = gnu11;
				GCC_NO_COMMON_BLOCKS = YES;
				GCC_WARN_64_TO_32_BIT_CONVERSION = YES;
				GCC_WARN_ABOUT_RETURN_TYPE = YES_ERROR;
				GCC_WARN_UNDECLARED_SELECTOR = YES;
				GCC_WARN_UNINITIALIZED_AUTOS = YES_AGGRESSIVE;
				GCC_WARN_UNUSED_FUNCTION = YES;
				GCC_WARN_UNUSED_VARIABLE = YES;
				IPHONEOS_DEPLOYMENT_TARGET = 15.2;
				MTL_ENABLE_DEBUG_INFO = NO;
				MTL_FAST_MATH = YES;
				SDKROOT = iphoneos;
				SWIFT_COMPILATION_MODE = wholemodule;
				SWIFT_OPTIMIZATION_LEVEL = "-O";
				VALIDATE_PRODUCT = YES;
			};
			name = Release;
		};
		D9DE091427DD826400A2D39D /* Debug */ = {
			isa = XCBuildConfiguration;
			buildSettings = {
				ASSETCATALOG_COMPILER_APPICON_NAME = AppIcon;
				ASSETCATALOG_COMPILER_GLOBAL_ACCENT_COLOR_NAME = AccentColor;
				CODE_SIGN_STYLE = Automatic;
				CURRENT_PROJECT_VERSION = 1;
				DEVELOPMENT_TEAM = 59KZ73Y5NN;
				GENERATE_INFOPLIST_FILE = YES;
				INFOPLIST_FILE = "To Do Scheduler/Info.plist";
				INFOPLIST_KEY_UIApplicationSupportsIndirectInputEvents = YES;
				INFOPLIST_KEY_UILaunchStoryboardName = LaunchScreen;
				INFOPLIST_KEY_UIMainStoryboardFile = Main;
				INFOPLIST_KEY_UISupportedInterfaceOrientations_iPad = "UIInterfaceOrientationPortrait UIInterfaceOrientationPortraitUpsideDown UIInterfaceOrientationLandscapeLeft UIInterfaceOrientationLandscapeRight";
				INFOPLIST_KEY_UISupportedInterfaceOrientations_iPhone = "UIInterfaceOrientationPortrait UIInterfaceOrientationLandscapeLeft UIInterfaceOrientationLandscapeRight";
				LD_RUNPATH_SEARCH_PATHS = (
					"$(inherited)",
					"@executable_path/Frameworks",
				);
				MARKETING_VERSION = 1.0;
				PRODUCT_BUNDLE_IDENTIFIER = "com.songlingjiang.To-Do-Scheduler";
				PRODUCT_NAME = "$(TARGET_NAME)";
				SWIFT_EMIT_LOC_STRINGS = YES;
				SWIFT_VERSION = 5.0;
				TARGETED_DEVICE_FAMILY = "1,2";
			};
			name = Debug;
		};
		D9DE091527DD826400A2D39D /* Release */ = {
			isa = XCBuildConfiguration;
			buildSettings = {
				ASSETCATALOG_COMPILER_APPICON_NAME = AppIcon;
				ASSETCATALOG_COMPILER_GLOBAL_ACCENT_COLOR_NAME = AccentColor;
				CODE_SIGN_STYLE = Automatic;
				CURRENT_PROJECT_VERSION = 1;
				DEVELOPMENT_TEAM = 59KZ73Y5NN;
				GENERATE_INFOPLIST_FILE = YES;
				INFOPLIST_FILE = "To Do Scheduler/Info.plist";
				INFOPLIST_KEY_UIApplicationSupportsIndirectInputEvents = YES;
				INFOPLIST_KEY_UILaunchStoryboardName = LaunchScreen;
				INFOPLIST_KEY_UIMainStoryboardFile = Main;
				INFOPLIST_KEY_UISupportedInterfaceOrientations_iPad = "UIInterfaceOrientationPortrait UIInterfaceOrientationPortraitUpsideDown UIInterfaceOrientationLandscapeLeft UIInterfaceOrientationLandscapeRight";
				INFOPLIST_KEY_UISupportedInterfaceOrientations_iPhone = "UIInterfaceOrientationPortrait UIInterfaceOrientationLandscapeLeft UIInterfaceOrientationLandscapeRight";
				LD_RUNPATH_SEARCH_PATHS = (
					"$(inherited)",
					"@executable_path/Frameworks",
				);
				MARKETING_VERSION = 1.0;
				PRODUCT_BUNDLE_IDENTIFIER = "com.songlingjiang.To-Do-Scheduler";
				PRODUCT_NAME = "$(TARGET_NAME)";
				SWIFT_EMIT_LOC_STRINGS = YES;
				SWIFT_VERSION = 5.0;
				TARGETED_DEVICE_FAMILY = "1,2";
			};
			name = Release;
		};
		D9DE091727DD826400A2D39D /* Debug */ = {
			isa = XCBuildConfiguration;
			buildSettings = {
				ALWAYS_EMBED_SWIFT_STANDARD_LIBRARIES = YES;
				BUNDLE_LOADER = "$(TEST_HOST)";
				CODE_SIGN_STYLE = Automatic;
				CURRENT_PROJECT_VERSION = 1;
				DEVELOPMENT_TEAM = 59KZ73Y5NN;
				GENERATE_INFOPLIST_FILE = YES;
				IPHONEOS_DEPLOYMENT_TARGET = 15.2;
				MARKETING_VERSION = 1.0;
				PRODUCT_BUNDLE_IDENTIFIER = "com.songlingjiang.To-Do-SchedulerTests";
				PRODUCT_NAME = "$(TARGET_NAME)";
				SWIFT_EMIT_LOC_STRINGS = NO;
				SWIFT_VERSION = 5.0;
				TARGETED_DEVICE_FAMILY = "1,2";
				TEST_HOST = "$(BUILT_PRODUCTS_DIR)/To Do Scheduler.app/To Do Scheduler";
			};
			name = Debug;
		};
		D9DE091827DD826400A2D39D /* Release */ = {
			isa = XCBuildConfiguration;
			buildSettings = {
				ALWAYS_EMBED_SWIFT_STANDARD_LIBRARIES = YES;
				BUNDLE_LOADER = "$(TEST_HOST)";
				CODE_SIGN_STYLE = Automatic;
				CURRENT_PROJECT_VERSION = 1;
				DEVELOPMENT_TEAM = 59KZ73Y5NN;
				GENERATE_INFOPLIST_FILE = YES;
				IPHONEOS_DEPLOYMENT_TARGET = 15.2;
				MARKETING_VERSION = 1.0;
				PRODUCT_BUNDLE_IDENTIFIER = "com.songlingjiang.To-Do-SchedulerTests";
				PRODUCT_NAME = "$(TARGET_NAME)";
				SWIFT_EMIT_LOC_STRINGS = NO;
				SWIFT_VERSION = 5.0;
				TARGETED_DEVICE_FAMILY = "1,2";
				TEST_HOST = "$(BUILT_PRODUCTS_DIR)/To Do Scheduler.app/To Do Scheduler";
			};
			name = Release;
		};
		D9DE091A27DD826400A2D39D /* Debug */ = {
			isa = XCBuildConfiguration;
			buildSettings = {
				ALWAYS_EMBED_SWIFT_STANDARD_LIBRARIES = YES;
				CODE_SIGN_STYLE = Automatic;
				CURRENT_PROJECT_VERSION = 1;
				DEVELOPMENT_TEAM = 59KZ73Y5NN;
				GENERATE_INFOPLIST_FILE = YES;
				MARKETING_VERSION = 1.0;
				PRODUCT_BUNDLE_IDENTIFIER = "com.songlingjiang.To-Do-SchedulerUITests";
				PRODUCT_NAME = "$(TARGET_NAME)";
				SWIFT_EMIT_LOC_STRINGS = NO;
				SWIFT_VERSION = 5.0;
				TARGETED_DEVICE_FAMILY = "1,2";
				TEST_TARGET_NAME = "To Do Scheduler";
			};
			name = Debug;
		};
		D9DE091B27DD826400A2D39D /* Release */ = {
			isa = XCBuildConfiguration;
			buildSettings = {
				ALWAYS_EMBED_SWIFT_STANDARD_LIBRARIES = YES;
				CODE_SIGN_STYLE = Automatic;
				CURRENT_PROJECT_VERSION = 1;
				DEVELOPMENT_TEAM = 59KZ73Y5NN;
				GENERATE_INFOPLIST_FILE = YES;
				MARKETING_VERSION = 1.0;
				PRODUCT_BUNDLE_IDENTIFIER = "com.songlingjiang.To-Do-SchedulerUITests";
				PRODUCT_NAME = "$(TARGET_NAME)";
				SWIFT_EMIT_LOC_STRINGS = NO;
				SWIFT_VERSION = 5.0;
				TARGETED_DEVICE_FAMILY = "1,2";
				TEST_TARGET_NAME = "To Do Scheduler";
			};
			name = Release;
		};
/* End XCBuildConfiguration section */

/* Begin XCConfigurationList section */
		D9DE08E127DD826200A2D39D /* Build configuration list for PBXProject "To Do Scheduler" */ = {
			isa = XCConfigurationList;
			buildConfigurations = (
				D9DE091127DD826400A2D39D /* Debug */,
				D9DE091227DD826400A2D39D /* Release */,
			);
			defaultConfigurationIsVisible = 0;
			defaultConfigurationName = Release;
		};
		D9DE091327DD826400A2D39D /* Build configuration list for PBXNativeTarget "To Do Scheduler" */ = {
			isa = XCConfigurationList;
			buildConfigurations = (
				D9DE091427DD826400A2D39D /* Debug */,
				D9DE091527DD826400A2D39D /* Release */,
			);
			defaultConfigurationIsVisible = 0;
			defaultConfigurationName = Release;
		};
		D9DE091627DD826400A2D39D /* Build configuration list for PBXNativeTarget "To Do SchedulerTests" */ = {
			isa = XCConfigurationList;
			buildConfigurations = (
				D9DE091727DD826400A2D39D /* Debug */,
				D9DE091827DD826400A2D39D /* Release */,
			);
			defaultConfigurationIsVisible = 0;
			defaultConfigurationName = Release;
		};
		D9DE091927DD826400A2D39D /* Build configuration list for PBXNativeTarget "To Do SchedulerUITests" */ = {
			isa = XCConfigurationList;
			buildConfigurations = (
				D9DE091A27DD826400A2D39D /* Debug */,
				D9DE091B27DD826400A2D39D /* Release */,
			);
			defaultConfigurationIsVisible = 0;
			defaultConfigurationName = Release;
		};
/* End XCConfigurationList section */

/* Begin XCVersionGroup section */
		D9DE08F227DD826200A2D39D /* To_Do_Scheduler.xcdatamodeld */ = {
			isa = XCVersionGroup;
			children = (
				D9DE08F327DD826200A2D39D /* To_Do_Scheduler.xcdatamodel */,
			);
			currentVersion = D9DE08F327DD826200A2D39D /* To_Do_Scheduler.xcdatamodel */;
			path = To_Do_Scheduler.xcdatamodeld;
			sourceTree = "<group>";
			versionGroupType = wrapper.xcdatamodel;
		};
/* End XCVersionGroup section */
	};
	rootObject = D9DE08DE27DD826200A2D39D /* Project object */;
}
